
Microsoft Visual Studio Solution File, Format Version 12.00
# Visual Studio Version 17
VisualStudioVersion = 17.2.32616.157
MinimumVisualStudioVersion = 10.0.40219.1
Project("{FAE04EC0-301F-11D3-BF4B-00C04F79EFBC}") = "AplicacionMovil.Android", "AplicacionMovil\AplicacionMovil.Android\AplicacionMovil.Android.csproj", "{266008A9-224E-4917-BC67-EF7495453DB4}"
EndProject
Project("{FAE04EC0-301F-11D3-BF4B-00C04F79EFBC}") = "AplicacionMovil.iOS", "AplicacionMovil\AplicacionMovil.iOS\AplicacionMovil.iOS.csproj", "{2D7028CB-9079-403C-A8FA-14C2B8101A09}"
EndProject
Project("{FAE04EC0-301F-11D3-BF4B-00C04F79EFBC}") = "AplicacionMovil", "AplicacionMovil\AplicacionMovil\AplicacionMovil.csproj", "{48B12EC0-94EC-4BBA-81CC-C8028F718110}"
EndProject
Global
	GlobalSection(SolutionConfigurationPlatforms) = preSolution
		Debug|Any CPU = Debug|Any CPU
		Debug|iPhone = Debug|iPhone
		Debug|iPhoneSimulator = Debug|iPhoneSimulator
		Release|Any CPU = Release|Any CPU
		Release|iPhone = Release|iPhone
		Release|iPhoneSimulator = Release|iPhoneSimulator
	EndGlobalSection
	GlobalSection(ProjectConfigurationPlatforms) = postSolution
		{266008A9-224E-4917-BC67-EF7495453DB4}.Debug|Any CPU.ActiveCfg = Debug|Any CPU
		{266008A9-224E-4917-BC67-EF7495453DB4}.Debug|Any CPU.Build.0 = Debug|Any CPU
		{266008A9-224E-4917-BC67-EF7495453DB4}.Debug|Any CPU.Deploy.0 = Debug|Any CPU
		{266008A9-224E-4917-BC67-EF7495453DB4}.Debug|iPhone.ActiveCfg = Debug|Any CPU
		{266008A9-224E-4917-BC67-EF7495453DB4}.Debug|iPhone.Build.0 = Debug|Any CPU
		{266008A9-224E-4917-BC67-EF7495453DB4}.Debug|iPhone.Deploy.0 = Debug|Any CPU
		{266008A9-224E-4917-BC67-EF7495453DB4}.Debug|iPhoneSimulator.ActiveCfg = Debug|Any CPU
		{266008A9-224E-4917-BC67-EF7495453DB4}.Debug|iPhoneSimulator.Build.0 = Debug|Any CPU
		{266008A9-224E-4917-BC67-EF7495453DB4}.Debug|iPhoneSimulator.Deploy.0 = Debug|Any CPU
		{266008A9-224E-4917-BC67-EF7495453DB4}.Release|Any CPU.ActiveCfg = Release|Any CPU
		{266008A9-224E-4917-BC67-EF7495453DB4}.Release|Any CPU.Build.0 = Release|Any CPU
		{266008A9-224E-4917-BC67-EF7495453DB4}.Release|Any CPU.Deploy.0 = Release|Any CPU
		{266008A9-224E-4917-BC67-EF7495453DB4}.Release|iPhone.ActiveCfg = Release|Any CPU
		{266008A9-224E-4917-BC67-EF7495453DB4}.Release|iPhone.Build.0 = Release|Any CPU
		{266008A9-224E-4917-BC67-EF7495453DB4}.Release|iPhone.Deploy.0 = Release|Any CPU
		{266008A9-224E-4917-BC67-EF7495453DB4}.Release|iPhoneSimulator.ActiveCfg = Release|Any CPU
		{266008A9-224E-4917-BC67-EF7495453DB4}.Release|iPhoneSimulator.Build.0 = Release|Any CPU
		{266008A9-224E-4917-BC67-EF7495453DB4}.Release|iPhoneSimulator.Deploy.0 = Release|Any CPU
		{2D7028CB-9079-403C-A8FA-14C2B8101A09}.Debug|Any CPU.ActiveCfg = Debug|iPhone
		{2D7028CB-9079-403C-A8FA-14C2B8101A09}.Debug|Any CPU.Build.0 = Debug|iPhone
		{2D7028CB-9079-403C-A8FA-14C2B8101A09}.Debug|Any CPU.Deploy.0 = Debug|iPhone
		{2D7028CB-9079-403C-A8FA-14C2B8101A09}.Debug|iPhone.ActiveCfg = Debug|iPhone
		{2D7028CB-9079-403C-A8FA-14C2B8101A09}.Debug|iPhone.Build.0 = Debug|iPhone
		{2D7028CB-9079-403C-A8FA-14C2B8101A09}.Debug|iPhone.Deploy.0 = Debug|iPhone
		{2D7028CB-9079-403C-A8FA-14C2B8101A09}.Debug|iPhoneSimulator.ActiveCfg = Debug|iPhoneSimulator
		{2D7028CB-9079-403C-A8FA-14C2B8101A09}.Debug|iPhoneSimulator.Build.0 = Debug|iPhoneSimulator
		{2D7028CB-9079-403C-A8FA-14C2B8101A09}.Debug|iPhoneSimulator.Deploy.0 = Debug|iPhoneSimulator
		{2D7028CB-9079-403C-A8FA-14C2B8101A09}.Release|Any CPU.ActiveCfg = Release|iPhoneSimulator
		{2D7028CB-9079-403C-A8FA-14C2B8101A09}.Release|Any CPU.Build.0 = Release|iPhoneSimulator
		{2D7028CB-9079-403C-A8FA-14C2B8101A09}.Release|Any CPU.Deploy.0 = Release|iPhoneSimulator
		{2D7028CB-9079-403C-A8FA-14C2B8101A09}.Release|iPhone.ActiveCfg = Release|iPhone
		{2D7028CB-9079-403C-A8FA-14C2B8101A09}.Release|iPhone.Build.0 = Release|iPhone
		{2D7028CB-9079-403C-A8FA-14C2B8101A09}.Release|iPhone.Deploy.0 = Release|iPhone
		{2D7028CB-9079-403C-A8FA-14C2B8101A09}.Release|iPhoneSimulator.ActiveCfg = Release|iPhoneSimulator
		{2D7028CB-9079-403C-A8FA-14C2B8101A09}.Release|iPhoneSimulator.Build.0 = Release|iPhoneSimulator
		{2D7028CB-9079-403C-A8FA-14C2B8101A09}.Release|iPhoneSimulator.Deploy.0 = Release|iPhoneSimulator
		{48B12EC0-94EC-4BBA-81CC-C8028F718110}.Debug|Any CPU.ActiveCfg = Debug|Any CPU
		{48B12EC0-94EC-4BBA-81CC-C8028F718110}.Debug|Any CPU.Build.0 = Debug|Any CPU
		{48B12EC0-94EC-4BBA-81CC-C8028F718110}.Debug|Any CPU.Deploy.0 = Debug|Any CPU
		{48B12EC0-94EC-4BBA-81CC-C8028F718110}.Debug|iPhone.ActiveCfg = Debug|Any CPU
		{48B12EC0-94EC-4BBA-81CC-C8028F718110}.Debug|iPhone.Build.0 = Debug|Any CPU
		{48B12EC0-94EC-4BBA-81CC-C8028F718110}.Debug|iPhone.Deploy.0 = Debug|Any CPU
		{48B12EC0-94EC-4BBA-81CC-C8028F718110}.Debug|iPhoneSimulator.ActiveCfg = Debug|Any CPU
		{48B12EC0-94EC-4BBA-81CC-C8028F718110}.Debug|iPhoneSimulator.Build.0 = Debug|Any CPU
		{48B12EC0-94EC-4BBA-81CC-C8028F718110}.Debug|iPhoneSimulator.Deploy.0 = Debug|Any CPU
		{48B12EC0-94EC-4BBA-81CC-C8028F718110}.Release|Any CPU.ActiveCfg = Release|Any CPU
		{48B12EC0-94EC-4BBA-81CC-C8028F718110}.Release|Any CPU.Build.0 = Release|Any CPU
		{48B12EC0-94EC-4BBA-81CC-C8028F718110}.Release|Any CPU.Deploy.0 = Release|Any CPU
		{48B12EC0-94EC-4BBA-81CC-C8028F718110}.Release|iPhone.ActiveCfg = Release|Any CPU
		{48B12EC0-94EC-4BBA-81CC-C8028F718110}.Release|iPhone.Build.0 = Release|Any CPU
		{48B12EC0-94EC-4BBA-81CC-C8028F718110}.Release|iPhone.Deploy.0 = Release|Any CPU
		{48B12EC0-94EC-4BBA-81CC-C8028F718110}.Release|iPhoneSimulator.ActiveCfg = Release|Any CPU
		{48B12EC0-94EC-4BBA-81CC-C8028F718110}.Release|iPhoneSimulator.Build.0 = Release|Any CPU
		{48B12EC0-94EC-4BBA-81CC-C8028F718110}.Release|iPhoneSimulator.Deploy.0 = Release|Any CPU
	EndGlobalSection
	GlobalSection(SolutionProperties) = preSolution
		HideSolutionNode = FALSE
	EndGlobalSection
	GlobalSection(ExtensibilityGlobals) = postSolution
		SolutionGuid = {A07F32D0-2B1F-4628-82A1-9BC1279D1BEC}
	EndGlobalSection
EndGlobal
